
Microsoft Visual Studio Solution File, Format Version 12.00
# Visual Studio 15
VisualStudioVersion = 15.0.26228.4
MinimumVisualStudioVersion = 10.0.40219.1
Project("{8BC9CEB8-8B4A-11D0-8D11-00A0C91BC942}") = "C++11Timer", "C++11Timer\C++11Timer.vcxproj", "{49BC2A05-8F6A-4138-87F5-63178E37A663}"
EndProject
Global
	GlobalSection(SolutionConfigurationPlatforms) = preSolution
		Debug|x64 = Debug|x64
		Debug|x86 = Debug|x86
		Release|x64 = Release|x64
		Release|x86 = Release|x86
	EndGlobalSection
	GlobalSection(ProjectConfigurationPlatforms) = postSolution
		{49BC2A05-8F6A-4138-87F5-63178E37A663}.Debug|x64.ActiveCfg = Debug|x64
		{49BC2A05-8F6A-4138-87F5-63178E37A663}.Debug|x64.Build.0 = Debug|x64
		{49BC2A05-8F6A-4138-87F5-63178E37A663}.Debug|x86.ActiveCfg = Debug|Win32
		{49BC2A05-8F6A-4138-87F5-63178E37A663}.Debug|x86.Build.0 = Debug|Win32
		{49BC2A05-8F6A-4138-87F5-63178E37A663}.Release|x64.ActiveCfg = Release|x64
		{49BC2A05-8F6A-4138-87F5-63178E37A663}.Release|x64.Build.0 = Release|x64
		{49BC2A05-8F6A-4138-87F5-63178E37A663}.Release|x86.ActiveCfg = Release|Win32
		{49BC2A05-8F6A-4138-87F5-63178E37A663}.Release|x86.Build.0 = Release|Win32
	EndGlobalSection
	GlobalSection(SolutionProperties) = preSolution
		HideSolutionNode = FALSE
	EndGlobalSection
EndGlobal
